{
  "originHash" : "5ba68fc3f136916ad6f4418a1f2e673294458e32e158aedf394516f2af53d09a",
  "pins" : [
    {
      "identity" : "sdk-swift",
      "kind" : "remoteSourceControl",
      "location" : "https://github.com/AssetLib/sdk-swift.git",
      "state" : {
        "revision" : "82adbbc9229691675ef08b820ee1842e84f5a50c",
        "version" : "0.2.0-preview.1"
      }
    }
  ],
  "version" : 3
}
