{
  "originHash" : "5ba68fc3f136916ad6f4418a1f2e673294458e32e158aedf394516f2af53d09a",
  "pins" : [
    {
      "identity" : "sdk-swift",
      "kind" : "remoteSourceControl",
      "location" : "https://github.com/AssetLib/sdk-swift.git",
      "state" : {
        "revision" : "d9e6c658ecbdcb926e4948377d8e07e927c8a718",
        "version" : "0.3.0-preview.1"
      }
    }
  ],
  "version" : 3
}
