{
  "originHash" : "5ba68fc3f136916ad6f4418a1f2e673294458e32e158aedf394516f2af53d09a",
  "pins" : [
    {
      "identity" : "sdk-swift",
      "kind" : "remoteSourceControl",
      "location" : "https://github.com/AssetLib/sdk-swift.git",
      "state" : {
        "revision" : "ec0ac4bb54890b6ac8bb40b4f54ee1ecb1a60012",
        "version" : "0.4.0-preview.1"
      }
    }
  ],
  "version" : 3
}
